// !$*UTF8*$!
{
	archiveVersion = 1;
	classes = {
	};
	objectVersion = 52;
	objects = {

/* Begin PBXBuildFile section */
		A63783E0243E4F22005B7BFF /* AddAccount.swift in Sources */ = {isa = PBXBuildFile; fileRef = A63783DF243E4F22005B7BFF /* AddAccount.swift */; };
		A63783E2243E513F005B7BFF /* AccountModel.swift in Sources */ = {isa = PBXBuildFile; fileRef = A63783E1243E513E005B7BFF /* AccountModel.swift */; };
		A63783F1243E51BE005B7BFF /* Data.framework in Frameworks */ = {isa = PBXBuildFile; fileRef = A63783E8243E51BE005B7BFF /* Data.framework */; };
		A63783F6243E51BE005B7BFF /* RemoteAddAccountTest.swift in Sources */ = {isa = PBXBuildFile; fileRef = A63783F5243E51BE005B7BFF /* RemoteAddAccountTest.swift */; };
		A6378400243E51EA005B7BFF /* Domain.framework in Frameworks */ = {isa = PBXBuildFile; fileRef = A63783D7243E4D4F005B7BFF /* Domain.framework */; };
		A6378401243E51EA005B7BFF /* Domain.framework in Embed Frameworks */ = {isa = PBXBuildFile; fileRef = A63783D7243E4D4F005B7BFF /* Domain.framework */; settings = {ATTRIBUTES = (CodeSignOnCopy, RemoveHeadersOnCopy, ); }; };
		A6378406243E7FC3005B7BFF /* Model.swift in Sources */ = {isa = PBXBuildFile; fileRef = A6378405243E7FC3005B7BFF /* Model.swift */; };
		A6378408243E8059005B7BFF /* RemoteAddAccount.swift in Sources */ = {isa = PBXBuildFile; fileRef = A6378407243E8059005B7BFF /* RemoteAddAccount.swift */; };
		A637840A243E809B005B7BFF /* HttpPostCLient.swift in Sources */ = {isa = PBXBuildFile; fileRef = A6378409243E809B005B7BFF /* HttpPostCLient.swift */; };
		A655FF37243E957E00B927B3 /* DomainError.swift in Sources */ = {isa = PBXBuildFile; fileRef = A655FF36243E957E00B927B3 /* DomainError.swift */; };
		A655FF39243E981300B927B3 /* HttpError.swift in Sources */ = {isa = PBXBuildFile; fileRef = A655FF38243E981300B927B3 /* HttpError.swift */; };
		A655FF3C243FFE4C00B927B3 /* ExtensionHelpers.swift in Sources */ = {isa = PBXBuildFile; fileRef = A655FF3B243FFE4C00B927B3 /* ExtensionHelpers.swift */; };
		A655FF3F2440171400B927B3 /* TestExtension.swift in Sources */ = {isa = PBXBuildFile; fileRef = A655FF3E2440171400B927B3 /* TestExtension.swift */; };
		A655FF41244017F300B927B3 /* TestFactorys.swift in Sources */ = {isa = PBXBuildFile; fileRef = A655FF40244017F300B927B3 /* TestFactorys.swift */; };
		A655FF44244019CF00B927B3 /* HttpClientSpy.swift in Sources */ = {isa = PBXBuildFile; fileRef = A655FF43244019CF00B927B3 /* HttpClientSpy.swift */; };
		A655FF4624401A6100B927B3 /* AccountModelFactory.swift in Sources */ = {isa = PBXBuildFile; fileRef = A655FF4524401A6100B927B3 /* AccountModelFactory.swift */; };
		A655FF552440CAD200B927B3 /* Infra.framework in Frameworks */ = {isa = PBXBuildFile; fileRef = A655FF4C2440CAD200B927B3 /* Infra.framework */; };
		A655FF5A2440CAD200B927B3 /* AlamofireAdapterTest.swift in Sources */ = {isa = PBXBuildFile; fileRef = A655FF592440CAD200B927B3 /* AlamofireAdapterTest.swift */; };
		A655FF632440CBE500B927B3 /* Data.framework in Frameworks */ = {isa = PBXBuildFile; fileRef = A63783E8243E51BE005B7BFF /* Data.framework */; };
		A655FF642440CBE500B927B3 /* Data.framework in Embed Frameworks */ = {isa = PBXBuildFile; fileRef = A63783E8243E51BE005B7BFF /* Data.framework */; settings = {ATTRIBUTES = (CodeSignOnCopy, RemoveHeadersOnCopy, ); }; };
		A655FF692440D80B00B927B3 /* TestExtension.swift in Sources */ = {isa = PBXBuildFile; fileRef = A655FF3E2440171400B927B3 /* TestExtension.swift */; };
		A655FF6A2440D81000B927B3 /* TestFactorys.swift in Sources */ = {isa = PBXBuildFile; fileRef = A655FF40244017F300B927B3 /* TestFactorys.swift */; };
		A655FF702440D8BB00B927B3 /* Alamofire in Frameworks */ = {isa = PBXBuildFile; productRef = A655FF6F2440D8BB00B927B3 /* Alamofire */; };
		A655FF7224423A1000B927B3 /* AlamofireAdapter.swift in Sources */ = {isa = PBXBuildFile; fileRef = A655FF7124423A1000B927B3 /* AlamofireAdapter.swift */; };
		A655FF7624423B0600B927B3 /* UrlProtocolStub.swift in Sources */ = {isa = PBXBuildFile; fileRef = A655FF7524423B0600B927B3 /* UrlProtocolStub.swift */; };
		A6BF7D902447992300D23903 /* AddAccountIntegrationTest.swift in Sources */ = {isa = PBXBuildFile; fileRef = A6BF7D8F2447992300D23903 /* AddAccountIntegrationTest.swift */; };
		A6BF7D922447992300D23903 /* Data.framework in Frameworks */ = {isa = PBXBuildFile; fileRef = A63783E8243E51BE005B7BFF /* Data.framework */; };
		A6BF7DAA2447A79600D23903 /* PresentationLayer.framework in Frameworks */ = {isa = PBXBuildFile; fileRef = A6BF7DA12447A79500D23903 /* PresentationLayer.framework */; };
		A6BF7DAF2447A79600D23903 /* SingnUpPresenterTest.swift in Sources */ = {isa = PBXBuildFile; fileRef = A6BF7DAE2447A79600D23903 /* SingnUpPresenterTest.swift */; };
		A6BF7DB92447B1BC00D23903 /* SignUpPresenter.swift in Sources */ = {isa = PBXBuildFile; fileRef = A6BF7DB82447B1BC00D23903 /* SignUpPresenter.swift */; };
		A6BF7DBE2447B28600D23903 /* AlertView.swift in Sources */ = {isa = PBXBuildFile; fileRef = A6BF7DBD2447B28600D23903 /* AlertView.swift */; };
		A6BF7DC72447E9F200D23903 /* EmailValidator.swift in Sources */ = {isa = PBXBuildFile; fileRef = A6BF7DC62447E9F200D23903 /* EmailValidator.swift */; };
/* End PBXBuildFile section */

/* Begin PBXContainerItemProxy section */
		A63783F2243E51BE005B7BFF /* PBXContainerItemProxy */ = {
			isa = PBXContainerItemProxy;
			containerPortal = A63783BE243E4C9A005B7BFF /* Project object */;
			proxyType = 1;
			remoteGlobalIDString = A63783E7243E51BE005B7BFF;
			remoteInfo = Data;
		};
		A6378402243E51EA005B7BFF /* PBXContainerItemProxy */ = {
			isa = PBXContainerItemProxy;
			containerPortal = A63783BE243E4C9A005B7BFF /* Project object */;
			proxyType = 1;
			remoteGlobalIDString = A63783D6243E4D4F005B7BFF;
			remoteInfo = Domain;
		};
		A655FF562440CAD200B927B3 /* PBXContainerItemProxy */ = {
			isa = PBXContainerItemProxy;
			containerPortal = A63783BE243E4C9A005B7BFF /* Project object */;
			proxyType = 1;
			remoteGlobalIDString = A655FF4B2440CAD200B927B3;
			remoteInfo = Infra;
		};
		A655FF652440CBE500B927B3 /* PBXContainerItemProxy */ = {
			isa = PBXContainerItemProxy;
			containerPortal = A63783BE243E4C9A005B7BFF /* Project object */;
			proxyType = 1;
			remoteGlobalIDString = A63783E7243E51BE005B7BFF;
			remoteInfo = Data;
		};
		A6BF7D932447992300D23903 /* PBXContainerItemProxy */ = {
			isa = PBXContainerItemProxy;
			containerPortal = A63783BE243E4C9A005B7BFF /* Project object */;
			proxyType = 1;
			remoteGlobalIDString = A63783E7243E51BE005B7BFF;
			remoteInfo = Data;
		};
		A6BF7D982447994D00D23903 /* PBXContainerItemProxy */ = {
			isa = PBXContainerItemProxy;
			containerPortal = A63783BE243E4C9A005B7BFF /* Project object */;
			proxyType = 1;
			remoteGlobalIDString = A63783D6243E4D4F005B7BFF;
			remoteInfo = Domain;
		};
		A6BF7D9A2447994D00D23903 /* PBXContainerItemProxy */ = {
			isa = PBXContainerItemProxy;
			containerPortal = A63783BE243E4C9A005B7BFF /* Project object */;
			proxyType = 1;
			remoteGlobalIDString = A655FF4B2440CAD200B927B3;
			remoteInfo = Infra;
		};
		A6BF7DAB2447A79600D23903 /* PBXContainerItemProxy */ = {
			isa = PBXContainerItemProxy;
			containerPortal = A63783BE243E4C9A005B7BFF /* Project object */;
			proxyType = 1;
			remoteGlobalIDString = A6BF7DA02447A79500D23903;
			remoteInfo = PresentationLayer;
		};
		A6BF7DBA2447B1ED00D23903 /* PBXContainerItemProxy */ = {
			isa = PBXContainerItemProxy;
			containerPortal = A63783BE243E4C9A005B7BFF /* Project object */;
			proxyType = 1;
			remoteGlobalIDString = A63783D6243E4D4F005B7BFF;
			remoteInfo = Domain;
		};
/* End PBXContainerItemProxy section */

/* Begin PBXCopyFilesBuildPhase section */
		A6378404243E51EA005B7BFF /* Embed Frameworks */ = {
			isa = PBXCopyFilesBuildPhase;
			buildActionMask = 2147483647;
			dstPath = "";
			dstSubfolderSpec = 10;
			files = (
				A6378401243E51EA005B7BFF /* Domain.framework in Embed Frameworks */,
			);
			name = "Embed Frameworks";
			runOnlyForDeploymentPostprocessing = 0;
		};
		A655FF672440CBE500B927B3 /* Embed Frameworks */ = {
			isa = PBXCopyFilesBuildPhase;
			buildActionMask = 2147483647;
			dstPath = "";
			dstSubfolderSpec = 10;
			files = (
				A655FF642440CBE500B927B3 /* Data.framework in Embed Frameworks */,
			);
			name = "Embed Frameworks";
			runOnlyForDeploymentPostprocessing = 0;
		};
/* End PBXCopyFilesBuildPhase section */

/* Begin PBXFileReference section */
		A63783D7243E4D4F005B7BFF /* Domain.framework */ = {isa = PBXFileReference; explicitFileType = wrapper.framework; includeInIndex = 0; path = Domain.framework; sourceTree = BUILT_PRODUCTS_DIR; };
		A63783DA243E4D4F005B7BFF /* Info.plist */ = {isa = PBXFileReference; lastKnownFileType = text.plist.xml; path = Info.plist; sourceTree = "<group>"; };
		A63783DF243E4F22005B7BFF /* AddAccount.swift */ = {isa = PBXFileReference; lastKnownFileType = sourcecode.swift; path = AddAccount.swift; sourceTree = "<group>"; };
		A63783E1243E513E005B7BFF /* AccountModel.swift */ = {isa = PBXFileReference; lastKnownFileType = sourcecode.swift; path = AccountModel.swift; sourceTree = "<group>"; };
		A63783E8243E51BE005B7BFF /* Data.framework */ = {isa = PBXFileReference; explicitFileType = wrapper.framework; includeInIndex = 0; path = Data.framework; sourceTree = BUILT_PRODUCTS_DIR; };
		A63783EB243E51BE005B7BFF /* Info.plist */ = {isa = PBXFileReference; lastKnownFileType = text.plist.xml; path = Info.plist; sourceTree = "<group>"; };
		A63783F0243E51BE005B7BFF /* DataTests.xctest */ = {isa = PBXFileReference; explicitFileType = wrapper.cfbundle; includeInIndex = 0; path = DataTests.xctest; sourceTree = BUILT_PRODUCTS_DIR; };
		A63783F5243E51BE005B7BFF /* RemoteAddAccountTest.swift */ = {isa = PBXFileReference; lastKnownFileType = sourcecode.swift; path = RemoteAddAccountTest.swift; sourceTree = "<group>"; };
		A63783F7243E51BE005B7BFF /* Info.plist */ = {isa = PBXFileReference; lastKnownFileType = text.plist.xml; path = Info.plist; sourceTree = "<group>"; };
		A6378405243E7FC3005B7BFF /* Model.swift */ = {isa = PBXFileReference; lastKnownFileType = sourcecode.swift; path = Model.swift; sourceTree = "<group>"; };
		A6378407243E8059005B7BFF /* RemoteAddAccount.swift */ = {isa = PBXFileReference; lastKnownFileType = sourcecode.swift; path = RemoteAddAccount.swift; sourceTree = "<group>"; };
		A6378409243E809B005B7BFF /* HttpPostCLient.swift */ = {isa = PBXFileReference; lastKnownFileType = sourcecode.swift; path = HttpPostCLient.swift; sourceTree = "<group>"; };
		A655FF36243E957E00B927B3 /* DomainError.swift */ = {isa = PBXFileReference; lastKnownFileType = sourcecode.swift; path = DomainError.swift; sourceTree = "<group>"; };
		A655FF38243E981300B927B3 /* HttpError.swift */ = {isa = PBXFileReference; lastKnownFileType = sourcecode.swift; path = HttpError.swift; sourceTree = "<group>"; };
		A655FF3B243FFE4C00B927B3 /* ExtensionHelpers.swift */ = {isa = PBXFileReference; lastKnownFileType = sourcecode.swift; path = ExtensionHelpers.swift; sourceTree = "<group>"; };
		A655FF3E2440171400B927B3 /* TestExtension.swift */ = {isa = PBXFileReference; lastKnownFileType = sourcecode.swift; path = TestExtension.swift; sourceTree = "<group>"; };
		A655FF40244017F300B927B3 /* TestFactorys.swift */ = {isa = PBXFileReference; lastKnownFileType = sourcecode.swift; path = TestFactorys.swift; sourceTree = "<group>"; };
		A655FF43244019CF00B927B3 /* HttpClientSpy.swift */ = {isa = PBXFileReference; lastKnownFileType = sourcecode.swift; path = HttpClientSpy.swift; sourceTree = "<group>"; };
		A655FF4524401A6100B927B3 /* AccountModelFactory.swift */ = {isa = PBXFileReference; lastKnownFileType = sourcecode.swift; path = AccountModelFactory.swift; sourceTree = "<group>"; };
		A655FF4C2440CAD200B927B3 /* Infra.framework */ = {isa = PBXFileReference; explicitFileType = wrapper.framework; includeInIndex = 0; path = Infra.framework; sourceTree = BUILT_PRODUCTS_DIR; };
		A655FF4F2440CAD200B927B3 /* Info.plist */ = {isa = PBXFileReference; lastKnownFileType = text.plist.xml; path = Info.plist; sourceTree = "<group>"; };
		A655FF542440CAD200B927B3 /* InfraTests.xctest */ = {isa = PBXFileReference; explicitFileType = wrapper.cfbundle; includeInIndex = 0; path = InfraTests.xctest; sourceTree = BUILT_PRODUCTS_DIR; };
		A655FF592440CAD200B927B3 /* AlamofireAdapterTest.swift */ = {isa = PBXFileReference; lastKnownFileType = sourcecode.swift; path = AlamofireAdapterTest.swift; sourceTree = "<group>"; };
		A655FF5B2440CAD200B927B3 /* Info.plist */ = {isa = PBXFileReference; lastKnownFileType = text.plist.xml; path = Info.plist; sourceTree = "<group>"; };
		A655FF7124423A1000B927B3 /* AlamofireAdapter.swift */ = {isa = PBXFileReference; lastKnownFileType = sourcecode.swift; path = AlamofireAdapter.swift; sourceTree = "<group>"; };
		A655FF7524423B0600B927B3 /* UrlProtocolStub.swift */ = {isa = PBXFileReference; lastKnownFileType = sourcecode.swift; path = UrlProtocolStub.swift; sourceTree = "<group>"; };
		A6BF7D8D2447992300D23903 /* UseCasesIntegrationTests.xctest */ = {isa = PBXFileReference; explicitFileType = wrapper.cfbundle; includeInIndex = 0; path = UseCasesIntegrationTests.xctest; sourceTree = BUILT_PRODUCTS_DIR; };
		A6BF7D8F2447992300D23903 /* AddAccountIntegrationTest.swift */ = {isa = PBXFileReference; lastKnownFileType = sourcecode.swift; path = AddAccountIntegrationTest.swift; sourceTree = "<group>"; };
		A6BF7D912447992300D23903 /* Info.plist */ = {isa = PBXFileReference; lastKnownFileType = text.plist.xml; path = Info.plist; sourceTree = "<group>"; };
		A6BF7DA12447A79500D23903 /* PresentationLayer.framework */ = {isa = PBXFileReference; explicitFileType = wrapper.framework; includeInIndex = 0; path = PresentationLayer.framework; sourceTree = BUILT_PRODUCTS_DIR; };
		A6BF7DA42447A79600D23903 /* Info.plist */ = {isa = PBXFileReference; lastKnownFileType = text.plist.xml; path = Info.plist; sourceTree = "<group>"; };
		A6BF7DA92447A79600D23903 /* PresentationLayerTests.xctest */ = {isa = PBXFileReference; explicitFileType = wrapper.cfbundle; includeInIndex = 0; path = PresentationLayerTests.xctest; sourceTree = BUILT_PRODUCTS_DIR; };
		A6BF7DAE2447A79600D23903 /* SingnUpPresenterTest.swift */ = {isa = PBXFileReference; lastKnownFileType = sourcecode.swift; path = SingnUpPresenterTest.swift; sourceTree = "<group>"; };
		A6BF7DB02447A79600D23903 /* Info.plist */ = {isa = PBXFileReference; lastKnownFileType = text.plist.xml; path = Info.plist; sourceTree = "<group>"; };
		A6BF7DB82447B1BC00D23903 /* SignUpPresenter.swift */ = {isa = PBXFileReference; lastKnownFileType = sourcecode.swift; path = SignUpPresenter.swift; sourceTree = "<group>"; };
		A6BF7DBD2447B28600D23903 /* AlertView.swift */ = {isa = PBXFileReference; lastKnownFileType = sourcecode.swift; path = AlertView.swift; sourceTree = "<group>"; };
		A6BF7DC62447E9F200D23903 /* EmailValidator.swift */ = {isa = PBXFileReference; lastKnownFileType = sourcecode.swift; path = EmailValidator.swift; sourceTree = "<group>"; };
/* End PBXFileReference section */

/* Begin PBXFrameworksBuildPhase section */
		A63783D4243E4D4F005B7BFF /* Frameworks */ = {
			isa = PBXFrameworksBuildPhase;
			buildActionMask = 2147483647;
			files = (
			);
			runOnlyForDeploymentPostprocessing = 0;
		};
		A63783E5243E51BE005B7BFF /* Frameworks */ = {
			isa = PBXFrameworksBuildPhase;
			buildActionMask = 2147483647;
			files = (
				A6378400243E51EA005B7BFF /* Domain.framework in Frameworks */,
			);
			runOnlyForDeploymentPostprocessing = 0;
		};
		A63783ED243E51BE005B7BFF /* Frameworks */ = {
			isa = PBXFrameworksBuildPhase;
			buildActionMask = 2147483647;
			files = (
				A63783F1243E51BE005B7BFF /* Data.framework in Frameworks */,
			);
			runOnlyForDeploymentPostprocessing = 0;
		};
		A655FF492440CAD200B927B3 /* Frameworks */ = {
			isa = PBXFrameworksBuildPhase;
			buildActionMask = 2147483647;
			files = (
				A655FF632440CBE500B927B3 /* Data.framework in Frameworks */,
				A655FF702440D8BB00B927B3 /* Alamofire in Frameworks */,
			);
			runOnlyForDeploymentPostprocessing = 0;
		};
		A655FF512440CAD200B927B3 /* Frameworks */ = {
			isa = PBXFrameworksBuildPhase;
			buildActionMask = 2147483647;
			files = (
				A655FF552440CAD200B927B3 /* Infra.framework in Frameworks */,
			);
			runOnlyForDeploymentPostprocessing = 0;
		};
		A6BF7D8A2447992300D23903 /* Frameworks */ = {
			isa = PBXFrameworksBuildPhase;
			buildActionMask = 2147483647;
			files = (
				A6BF7D922447992300D23903 /* Data.framework in Frameworks */,
			);
			runOnlyForDeploymentPostprocessing = 0;
		};
		A6BF7D9E2447A79500D23903 /* Frameworks */ = {
			isa = PBXFrameworksBuildPhase;
			buildActionMask = 2147483647;
			files = (
			);
			runOnlyForDeploymentPostprocessing = 0;
		};
		A6BF7DA62447A79600D23903 /* Frameworks */ = {
			isa = PBXFrameworksBuildPhase;
			buildActionMask = 2147483647;
			files = (
				A6BF7DAA2447A79600D23903 /* PresentationLayer.framework in Frameworks */,
			);
			runOnlyForDeploymentPostprocessing = 0;
		};
/* End PBXFrameworksBuildPhase section */

/* Begin PBXGroup section */
		A63783BD243E4C9A005B7BFF = {
			isa = PBXGroup;
			children = (
				A63783D8243E4D4F005B7BFF /* Domain */,
				A63783E9243E51BE005B7BFF /* Data */,
				A63783F4243E51BE005B7BFF /* DataTests */,
				A655FF4D2440CAD200B927B3 /* Infra */,
				A655FF582440CAD200B927B3 /* InfraTests */,
				A6BF7D8E2447992300D23903 /* UseCasesIntegrationTests */,
				A6BF7DA22447A79600D23903 /* PresentationLayer */,
				A6BF7DAD2447A79600D23903 /* PresentationLayerTests */,
				A63783C8243E4C9A005B7BFF /* Products */,
				A63783FF243E51EA005B7BFF /* Frameworks */,
			);
			sourceTree = "<group>";
		};
		A63783C8243E4C9A005B7BFF /* Products */ = {
			isa = PBXGroup;
			children = (
				A63783D7243E4D4F005B7BFF /* Domain.framework */,
				A63783E8243E51BE005B7BFF /* Data.framework */,
				A63783F0243E51BE005B7BFF /* DataTests.xctest */,
				A655FF4C2440CAD200B927B3 /* Infra.framework */,
				A655FF542440CAD200B927B3 /* InfraTests.xctest */,
				A6BF7D8D2447992300D23903 /* UseCasesIntegrationTests.xctest */,
				A6BF7DA12447A79500D23903 /* PresentationLayer.framework */,
				A6BF7DA92447A79600D23903 /* PresentationLayerTests.xctest */,
			);
			name = Products;
			sourceTree = "<group>";
		};
		A63783D8243E4D4F005B7BFF /* Domain */ = {
			isa = PBXGroup;
			children = (
				A637840B243E80EF005B7BFF /* UseCases */,
				A637840C243E80FB005B7BFF /* Models */,
				A655FF35243E957000B927B3 /* Errors */,
				A63783DA243E4D4F005B7BFF /* Info.plist */,
			);
			path = Domain;
			sourceTree = "<group>";
		};
		A63783E9243E51BE005B7BFF /* Data */ = {
			isa = PBXGroup;
			children = (
				A655FF3A243FFE3C00B927B3 /* Helpers */,
				A637840D243E8104005B7BFF /* UseCases */,
				A637840E243E811B005B7BFF /* Http */,
				A63783EB243E51BE005B7BFF /* Info.plist */,
			);
			path = Data;
			sourceTree = "<group>";
		};
		A63783F4243E51BE005B7BFF /* DataTests */ = {
			isa = PBXGroup;
			children = (
				A655FF3D244016DC00B927B3 /* Helpers */,
				A637840F243E8133005B7BFF /* UseCase */,
				A655FF422440188D00B927B3 /* HttpTest */,
				A63783F7243E51BE005B7BFF /* Info.plist */,
			);
			path = DataTests;
			sourceTree = "<group>";
		};
		A63783FF243E51EA005B7BFF /* Frameworks */ = {
			isa = PBXGroup;
			children = (
			);
			name = Frameworks;
			sourceTree = "<group>";
		};
		A637840B243E80EF005B7BFF /* UseCases */ = {
			isa = PBXGroup;
			children = (
				A63783DF243E4F22005B7BFF /* AddAccount.swift */,
			);
			path = UseCases;
			sourceTree = "<group>";
		};
		A637840C243E80FB005B7BFF /* Models */ = {
			isa = PBXGroup;
			children = (
				A63783E1243E513E005B7BFF /* AccountModel.swift */,
				A6378405243E7FC3005B7BFF /* Model.swift */,
			);
			path = Models;
			sourceTree = "<group>";
		};
		A637840D243E8104005B7BFF /* UseCases */ = {
			isa = PBXGroup;
			children = (
				A6378407243E8059005B7BFF /* RemoteAddAccount.swift */,
			);
			path = UseCases;
			sourceTree = "<group>";
		};
		A637840E243E811B005B7BFF /* Http */ = {
			isa = PBXGroup;
			children = (
				A6378409243E809B005B7BFF /* HttpPostCLient.swift */,
				A655FF38243E981300B927B3 /* HttpError.swift */,
			);
			path = Http;
			sourceTree = "<group>";
		};
		A637840F243E8133005B7BFF /* UseCase */ = {
			isa = PBXGroup;
			children = (
				A63783F5243E51BE005B7BFF /* RemoteAddAccountTest.swift */,
			);
			path = UseCase;
			sourceTree = "<group>";
		};
		A655FF35243E957000B927B3 /* Errors */ = {
			isa = PBXGroup;
			children = (
				A655FF36243E957E00B927B3 /* DomainError.swift */,
			);
			path = Errors;
			sourceTree = "<group>";
		};
		A655FF3A243FFE3C00B927B3 /* Helpers */ = {
			isa = PBXGroup;
			children = (
				A655FF3B243FFE4C00B927B3 /* ExtensionHelpers.swift */,
			);
			path = Helpers;
			sourceTree = "<group>";
		};
		A655FF3D244016DC00B927B3 /* Helpers */ = {
			isa = PBXGroup;
			children = (
				A655FF3E2440171400B927B3 /* TestExtension.swift */,
				A655FF40244017F300B927B3 /* TestFactorys.swift */,
				A655FF4524401A6100B927B3 /* AccountModelFactory.swift */,
			);
			path = Helpers;
			sourceTree = "<group>";
		};
		A655FF422440188D00B927B3 /* HttpTest */ = {
			isa = PBXGroup;
			children = (
				A655FF43244019CF00B927B3 /* HttpClientSpy.swift */,
			);
			path = HttpTest;
			sourceTree = "<group>";
		};
		A655FF4D2440CAD200B927B3 /* Infra */ = {
			isa = PBXGroup;
			children = (
				A655FF7324423A9500B927B3 /* Http */,
				A655FF4F2440CAD200B927B3 /* Info.plist */,
			);
			path = Infra;
			sourceTree = "<group>";
		};
		A655FF582440CAD200B927B3 /* InfraTests */ = {
			isa = PBXGroup;
			children = (
				A655FF7424423AF200B927B3 /* Http */,
				A655FF592440CAD200B927B3 /* AlamofireAdapterTest.swift */,
				A655FF5B2440CAD200B927B3 /* Info.plist */,
			);
			path = InfraTests;
			sourceTree = "<group>";
		};
		A655FF7324423A9500B927B3 /* Http */ = {
			isa = PBXGroup;
			children = (
				A655FF7124423A1000B927B3 /* AlamofireAdapter.swift */,
			);
			path = Http;
			sourceTree = "<group>";
		};
		A655FF7424423AF200B927B3 /* Http */ = {
			isa = PBXGroup;
			children = (
				A655FF7524423B0600B927B3 /* UrlProtocolStub.swift */,
			);
			path = Http;
			sourceTree = "<group>";
		};
		A6BF7D8E2447992300D23903 /* UseCasesIntegrationTests */ = {
			isa = PBXGroup;
			children = (
				A6BF7D8F2447992300D23903 /* AddAccountIntegrationTest.swift */,
				A6BF7D912447992300D23903 /* Info.plist */,
			);
			path = UseCasesIntegrationTests;
			sourceTree = "<group>";
		};
		A6BF7DA22447A79600D23903 /* PresentationLayer */ = {
			isa = PBXGroup;
			children = (
				A6BF7DC32447D4A800D23903 /* Validators */,
				A6BF7DBC2447B27200D23903 /* Views */,
				A6BF7DBF2447B2B200D23903 /* Presenter */,
				A6BF7DA42447A79600D23903 /* Info.plist */,
			);
			path = PresentationLayer;
			sourceTree = "<group>";
		};
		A6BF7DAD2447A79600D23903 /* PresentationLayerTests */ = {
			isa = PBXGroup;
			children = (
				A6BF7DC02447B41900D23903 /* Presenters */,
				A6BF7DB02447A79600D23903 /* Info.plist */,
			);
			path = PresentationLayerTests;
			sourceTree = "<group>";
		};
		A6BF7DBC2447B27200D23903 /* Views */ = {
			isa = PBXGroup;
			children = (
				A6BF7DBD2447B28600D23903 /* AlertView.swift */,
			);
			path = Views;
			sourceTree = "<group>";
		};
		A6BF7DBF2447B2B200D23903 /* Presenter */ = {
			isa = PBXGroup;
			children = (
				A6BF7DB82447B1BC00D23903 /* SignUpPresenter.swift */,
			);
			path = Presenter;
			sourceTree = "<group>";
		};
		A6BF7DC02447B41900D23903 /* Presenters */ = {
			isa = PBXGroup;
			children = (
				A6BF7DAE2447A79600D23903 /* SingnUpPresenterTest.swift */,
			);
			path = Presenters;
			sourceTree = "<group>";
		};
		A6BF7DC32447D4A800D23903 /* Validators */ = {
			isa = PBXGroup;
			children = (
				A6BF7DC62447E9F200D23903 /* EmailValidator.swift */,
			);
			path = Validators;
			sourceTree = "<group>";
		};
/* End PBXGroup section */

/* Begin PBXHeadersBuildPhase section */
		A63783D2243E4D4F005B7BFF /* Headers */ = {
			isa = PBXHeadersBuildPhase;
			buildActionMask = 2147483647;
			files = (
			);
			runOnlyForDeploymentPostprocessing = 0;
		};
		A63783E3243E51BE005B7BFF /* Headers */ = {
			isa = PBXHeadersBuildPhase;
			buildActionMask = 2147483647;
			files = (
			);
			runOnlyForDeploymentPostprocessing = 0;
		};
		A655FF472440CAD200B927B3 /* Headers */ = {
			isa = PBXHeadersBuildPhase;
			buildActionMask = 2147483647;
			files = (
			);
			runOnlyForDeploymentPostprocessing = 0;
		};
		A6BF7D9C2447A79500D23903 /* Headers */ = {
			isa = PBXHeadersBuildPhase;
			buildActionMask = 2147483647;
			files = (
			);
			runOnlyForDeploymentPostprocessing = 0;
		};
/* End PBXHeadersBuildPhase section */

/* Begin PBXNativeTarget section */
		A63783D6243E4D4F005B7BFF /* Domain */ = {
			isa = PBXNativeTarget;
			buildConfigurationList = A63783DC243E4D4F005B7BFF /* Build configuration list for PBXNativeTarget "Domain" */;
			buildPhases = (
				A63783D2243E4D4F005B7BFF /* Headers */,
				A63783D3243E4D4F005B7BFF /* Sources */,
				A63783D4243E4D4F005B7BFF /* Frameworks */,
				A63783D5243E4D4F005B7BFF /* Resources */,
			);
			buildRules = (
			);
			dependencies = (
			);
			name = Domain;
			packageProductDependencies = (
			);
			productName = Domain;
			productReference = A63783D7243E4D4F005B7BFF /* Domain.framework */;
			productType = "com.apple.product-type.framework";
		};
		A63783E7243E51BE005B7BFF /* Data */ = {
			isa = PBXNativeTarget;
			buildConfigurationList = A63783F9243E51BE005B7BFF /* Build configuration list for PBXNativeTarget "Data" */;
			buildPhases = (
				A63783E3243E51BE005B7BFF /* Headers */,
				A63783E4243E51BE005B7BFF /* Sources */,
				A63783E5243E51BE005B7BFF /* Frameworks */,
				A63783E6243E51BE005B7BFF /* Resources */,
				A6378404243E51EA005B7BFF /* Embed Frameworks */,
			);
			buildRules = (
			);
			dependencies = (
				A6378403243E51EA005B7BFF /* PBXTargetDependency */,
			);
			name = Data;
			productName = Data;
			productReference = A63783E8243E51BE005B7BFF /* Data.framework */;
			productType = "com.apple.product-type.framework";
		};
		A63783EF243E51BE005B7BFF /* DataTests */ = {
			isa = PBXNativeTarget;
			buildConfigurationList = A63783FC243E51BE005B7BFF /* Build configuration list for PBXNativeTarget "DataTests" */;
			buildPhases = (
				A63783EC243E51BE005B7BFF /* Sources */,
				A63783ED243E51BE005B7BFF /* Frameworks */,
				A63783EE243E51BE005B7BFF /* Resources */,
			);
			buildRules = (
			);
			dependencies = (
				A63783F3243E51BE005B7BFF /* PBXTargetDependency */,
			);
			name = DataTests;
			productName = DataTests;
			productReference = A63783F0243E51BE005B7BFF /* DataTests.xctest */;
			productType = "com.apple.product-type.bundle.unit-test";
		};
		A655FF4B2440CAD200B927B3 /* Infra */ = {
			isa = PBXNativeTarget;
			buildConfigurationList = A655FF612440CAD200B927B3 /* Build configuration list for PBXNativeTarget "Infra" */;
			buildPhases = (
				A655FF472440CAD200B927B3 /* Headers */,
				A655FF482440CAD200B927B3 /* Sources */,
				A655FF492440CAD200B927B3 /* Frameworks */,
				A655FF4A2440CAD200B927B3 /* Resources */,
				A655FF672440CBE500B927B3 /* Embed Frameworks */,
			);
			buildRules = (
			);
			dependencies = (
				A655FF662440CBE500B927B3 /* PBXTargetDependency */,
			);
			name = Infra;
			packageProductDependencies = (
				A655FF6F2440D8BB00B927B3 /* Alamofire */,
			);
			productName = Infra;
			productReference = A655FF4C2440CAD200B927B3 /* Infra.framework */;
			productType = "com.apple.product-type.framework";
		};
		A655FF532440CAD200B927B3 /* InfraTests */ = {
			isa = PBXNativeTarget;
			buildConfigurationList = A655FF622440CAD200B927B3 /* Build configuration list for PBXNativeTarget "InfraTests" */;
			buildPhases = (
				A655FF502440CAD200B927B3 /* Sources */,
				A655FF512440CAD200B927B3 /* Frameworks */,
				A655FF522440CAD200B927B3 /* Resources */,
			);
			buildRules = (
			);
			dependencies = (
				A655FF572440CAD200B927B3 /* PBXTargetDependency */,
			);
			name = InfraTests;
			productName = InfraTests;
			productReference = A655FF542440CAD200B927B3 /* InfraTests.xctest */;
			productType = "com.apple.product-type.bundle.unit-test";
		};
		A6BF7D8C2447992300D23903 /* UseCasesIntegrationTests */ = {
			isa = PBXNativeTarget;
			buildConfigurationList = A6BF7D972447992300D23903 /* Build configuration list for PBXNativeTarget "UseCasesIntegrationTests" */;
			buildPhases = (
				A6BF7D892447992300D23903 /* Sources */,
				A6BF7D8A2447992300D23903 /* Frameworks */,
				A6BF7D8B2447992300D23903 /* Resources */,
			);
			buildRules = (
			);
			dependencies = (
				A6BF7D992447994D00D23903 /* PBXTargetDependency */,
				A6BF7D9B2447994D00D23903 /* PBXTargetDependency */,
				A6BF7D942447992300D23903 /* PBXTargetDependency */,
			);
			name = UseCasesIntegrationTests;
			productName = UseCasesIntegrationTests;
			productReference = A6BF7D8D2447992300D23903 /* UseCasesIntegrationTests.xctest */;
			productType = "com.apple.product-type.bundle.unit-test";
		};
		A6BF7DA02447A79500D23903 /* PresentationLayer */ = {
			isa = PBXNativeTarget;
			buildConfigurationList = A6BF7DB22447A79600D23903 /* Build configuration list for PBXNativeTarget "PresentationLayer" */;
			buildPhases = (
				A6BF7D9C2447A79500D23903 /* Headers */,
				A6BF7D9D2447A79500D23903 /* Sources */,
				A6BF7D9E2447A79500D23903 /* Frameworks */,
				A6BF7D9F2447A79500D23903 /* Resources */,
			);
			buildRules = (
			);
			dependencies = (
				A6BF7DBB2447B1ED00D23903 /* PBXTargetDependency */,
			);
			name = PresentationLayer;
			productName = PresentationLayer;
			productReference = A6BF7DA12447A79500D23903 /* PresentationLayer.framework */;
			productType = "com.apple.product-type.framework";
		};
		A6BF7DA82447A79600D23903 /* PresentationLayerTests */ = {
			isa = PBXNativeTarget;
			buildConfigurationList = A6BF7DB52447A79600D23903 /* Build configuration list for PBXNativeTarget "PresentationLayerTests" */;
			buildPhases = (
				A6BF7DA52447A79600D23903 /* Sources */,
				A6BF7DA62447A79600D23903 /* Frameworks */,
				A6BF7DA72447A79600D23903 /* Resources */,
			);
			buildRules = (
			);
			dependencies = (
				A6BF7DAC2447A79600D23903 /* PBXTargetDependency */,
			);
			name = PresentationLayerTests;
			productName = PresentationLayerTests;
			productReference = A6BF7DA92447A79600D23903 /* PresentationLayerTests.xctest */;
			productType = "com.apple.product-type.bundle.unit-test";
		};
/* End PBXNativeTarget section */

/* Begin PBXProject section */
		A63783BE243E4C9A005B7BFF /* Project object */ = {
			isa = PBXProject;
			attributes = {
				LastSwiftUpdateCheck = 1140;
				LastUpgradeCheck = 1140;
				ORGANIZATIONNAME = "Yannes Meneguelli";
				TargetAttributes = {
					A63783D6243E4D4F005B7BFF = {
						CreatedOnToolsVersion = 11.4;
						LastSwiftMigration = 1140;
					};
					A63783E7243E51BE005B7BFF = {
						CreatedOnToolsVersion = 11.4;
						LastSwiftMigration = 1140;
					};
					A63783EF243E51BE005B7BFF = {
						CreatedOnToolsVersion = 11.4;
					};
					A655FF4B2440CAD200B927B3 = {
						CreatedOnToolsVersion = 11.4;
						LastSwiftMigration = 1140;
					};
					A655FF532440CAD200B927B3 = {
						CreatedOnToolsVersion = 11.4;
					};
					A6BF7D8C2447992300D23903 = {
						CreatedOnToolsVersion = 11.4.1;
					};
					A6BF7DA02447A79500D23903 = {
						CreatedOnToolsVersion = 11.4.1;
						LastSwiftMigration = 1140;
					};
					A6BF7DA82447A79600D23903 = {
						CreatedOnToolsVersion = 11.4.1;
					};
				};
			};
			buildConfigurationList = A63783C1243E4C9A005B7BFF /* Build configuration list for PBXProject "CleanApp" */;
			compatibilityVersion = "Xcode 9.3";
			developmentRegion = en;
			hasScannedForEncodings = 0;
			knownRegions = (
				en,
				Base,
			);
			mainGroup = A63783BD243E4C9A005B7BFF;
			packageReferences = (
				A655FF6E2440D8BB00B927B3 /* XCRemoteSwiftPackageReference "Alamofire" */,
			);
			productRefGroup = A63783C8243E4C9A005B7BFF /* Products */;
			projectDirPath = "";
			projectRoot = "";
			targets = (
				A63783D6243E4D4F005B7BFF /* Domain */,
				A63783E7243E51BE005B7BFF /* Data */,
				A63783EF243E51BE005B7BFF /* DataTests */,
				A655FF4B2440CAD200B927B3 /* Infra */,
				A655FF532440CAD200B927B3 /* InfraTests */,
				A6BF7D8C2447992300D23903 /* UseCasesIntegrationTests */,
				A6BF7DA02447A79500D23903 /* PresentationLayer */,
				A6BF7DA82447A79600D23903 /* PresentationLayerTests */,
			);
		};
/* End PBXProject section */

/* Begin PBXResourcesBuildPhase section */
		A63783D5243E4D4F005B7BFF /* Resources */ = {
			isa = PBXResourcesBuildPhase;
			buildActionMask = 2147483647;
			files = (
			);
			runOnlyForDeploymentPostprocessing = 0;
		};
		A63783E6243E51BE005B7BFF /* Resources */ = {
			isa = PBXResourcesBuildPhase;
			buildActionMask = 2147483647;
			files = (
			);
			runOnlyForDeploymentPostprocessing = 0;
		};
		A63783EE243E51BE005B7BFF /* Resources */ = {
			isa = PBXResourcesBuildPhase;
			buildActionMask = 2147483647;
			files = (
			);
			runOnlyForDeploymentPostprocessing = 0;
		};
		A655FF4A2440CAD200B927B3 /* Resources */ = {
			isa = PBXResourcesBuildPhase;
			buildActionMask = 2147483647;
			files = (
			);
			runOnlyForDeploymentPostprocessing = 0;
		};
		A655FF522440CAD200B927B3 /* Resources */ = {
			isa = PBXResourcesBuildPhase;
			buildActionMask = 2147483647;
			files = (
			);
			runOnlyForDeploymentPostprocessing = 0;
		};
		A6BF7D8B2447992300D23903 /* Resources */ = {
			isa = PBXResourcesBuildPhase;
			buildActionMask = 2147483647;
			files = (
			);
			runOnlyForDeploymentPostprocessing = 0;
		};
		A6BF7D9F2447A79500D23903 /* Resources */ = {
			isa = PBXResourcesBuildPhase;
			buildActionMask = 2147483647;
			files = (
			);
			runOnlyForDeploymentPostprocessing = 0;
		};
		A6BF7DA72447A79600D23903 /* Resources */ = {
			isa = PBXResourcesBuildPhase;
			buildActionMask = 2147483647;
			files = (
			);
			runOnlyForDeploymentPostprocessing = 0;
		};
/* End PBXResourcesBuildPhase section */

/* Begin PBXSourcesBuildPhase section */
		A63783D3243E4D4F005B7BFF /* Sources */ = {
			isa = PBXSourcesBuildPhase;
			buildActionMask = 2147483647;
			files = (
				A6378406243E7FC3005B7BFF /* Model.swift in Sources */,
				A63783E0243E4F22005B7BFF /* AddAccount.swift in Sources */,
				A655FF37243E957E00B927B3 /* DomainError.swift in Sources */,
				A63783E2243E513F005B7BFF /* AccountModel.swift in Sources */,
			);
			runOnlyForDeploymentPostprocessing = 0;
		};
		A63783E4243E51BE005B7BFF /* Sources */ = {
			isa = PBXSourcesBuildPhase;
			buildActionMask = 2147483647;
			files = (
				A637840A243E809B005B7BFF /* HttpPostCLient.swift in Sources */,
				A655FF3C243FFE4C00B927B3 /* ExtensionHelpers.swift in Sources */,
				A655FF39243E981300B927B3 /* HttpError.swift in Sources */,
				A6378408243E8059005B7BFF /* RemoteAddAccount.swift in Sources */,
			);
			runOnlyForDeploymentPostprocessing = 0;
		};
		A63783EC243E51BE005B7BFF /* Sources */ = {
			isa = PBXSourcesBuildPhase;
			buildActionMask = 2147483647;
			files = (
				A63783F6243E51BE005B7BFF /* RemoteAddAccountTest.swift in Sources */,
				A655FF44244019CF00B927B3 /* HttpClientSpy.swift in Sources */,
				A655FF41244017F300B927B3 /* TestFactorys.swift in Sources */,
				A655FF4624401A6100B927B3 /* AccountModelFactory.swift in Sources */,
				A655FF3F2440171400B927B3 /* TestExtension.swift in Sources */,
			);
			runOnlyForDeploymentPostprocessing = 0;
		};
		A655FF482440CAD200B927B3 /* Sources */ = {
			isa = PBXSourcesBuildPhase;
			buildActionMask = 2147483647;
			files = (
				A655FF7224423A1000B927B3 /* AlamofireAdapter.swift in Sources */,
			);
			runOnlyForDeploymentPostprocessing = 0;
		};
		A655FF502440CAD200B927B3 /* Sources */ = {
			isa = PBXSourcesBuildPhase;
			buildActionMask = 2147483647;
			files = (
				A655FF5A2440CAD200B927B3 /* AlamofireAdapterTest.swift in Sources */,
				A655FF6A2440D81000B927B3 /* TestFactorys.swift in Sources */,
				A655FF692440D80B00B927B3 /* TestExtension.swift in Sources */,
				A655FF7624423B0600B927B3 /* UrlProtocolStub.swift in Sources */,
			);
			runOnlyForDeploymentPostprocessing = 0;
		};
		A6BF7D892447992300D23903 /* Sources */ = {
			isa = PBXSourcesBuildPhase;
			buildActionMask = 2147483647;
			files = (
				A6BF7D902447992300D23903 /* AddAccountIntegrationTest.swift in Sources */,
			);
			runOnlyForDeploymentPostprocessing = 0;
		};
		A6BF7D9D2447A79500D23903 /* Sources */ = {
			isa = PBXSourcesBuildPhase;
			buildActionMask = 2147483647;
			files = (
				A6BF7DB92447B1BC00D23903 /* SignUpPresenter.swift in Sources */,
				A6BF7DBE2447B28600D23903 /* AlertView.swift in Sources */,
				A6BF7DC72447E9F200D23903 /* EmailValidator.swift in Sources */,
			);
			runOnlyForDeploymentPostprocessing = 0;
		};
		A6BF7DA52447A79600D23903 /* Sources */ = {
			isa = PBXSourcesBuildPhase;
			buildActionMask = 2147483647;
			files = (
				A6BF7DAF2447A79600D23903 /* SingnUpPresenterTest.swift in Sources */,
			);
			runOnlyForDeploymentPostprocessing = 0;
		};
/* End PBXSourcesBuildPhase section */

/* Begin PBXTargetDependency section */
		A63783F3243E51BE005B7BFF /* PBXTargetDependency */ = {
			isa = PBXTargetDependency;
			target = A63783E7243E51BE005B7BFF /* Data */;
			targetProxy = A63783F2243E51BE005B7BFF /* PBXContainerItemProxy */;
		};
		A6378403243E51EA005B7BFF /* PBXTargetDependency */ = {
			isa = PBXTargetDependency;
			target = A63783D6243E4D4F005B7BFF /* Domain */;
			targetProxy = A6378402243E51EA005B7BFF /* PBXContainerItemProxy */;
		};
		A655FF572440CAD200B927B3 /* PBXTargetDependency */ = {
			isa = PBXTargetDependency;
			target = A655FF4B2440CAD200B927B3 /* Infra */;
			targetProxy = A655FF562440CAD200B927B3 /* PBXContainerItemProxy */;
		};
		A655FF662440CBE500B927B3 /* PBXTargetDependency */ = {
			isa = PBXTargetDependency;
			target = A63783E7243E51BE005B7BFF /* Data */;
			targetProxy = A655FF652440CBE500B927B3 /* PBXContainerItemProxy */;
		};
		A6BF7D942447992300D23903 /* PBXTargetDependency */ = {
			isa = PBXTargetDependency;
			target = A63783E7243E51BE005B7BFF /* Data */;
			targetProxy = A6BF7D932447992300D23903 /* PBXContainerItemProxy */;
		};
		A6BF7D992447994D00D23903 /* PBXTargetDependency */ = {
			isa = PBXTargetDependency;
			target = A63783D6243E4D4F005B7BFF /* Domain */;
			targetProxy = A6BF7D982447994D00D23903 /* PBXContainerItemProxy */;
		};
		A6BF7D9B2447994D00D23903 /* PBXTargetDependency */ = {
			isa = PBXTargetDependency;
			target = A655FF4B2440CAD200B927B3 /* Infra */;
			targetProxy = A6BF7D9A2447994D00D23903 /* PBXContainerItemProxy */;
		};
		A6BF7DAC2447A79600D23903 /* PBXTargetDependency */ = {
			isa = PBXTargetDependency;
			target = A6BF7DA02447A79500D23903 /* PresentationLayer */;
			targetProxy = A6BF7DAB2447A79600D23903 /* PBXContainerItemProxy */;
		};
		A6BF7DBB2447B1ED00D23903 /* PBXTargetDependency */ = {
			isa = PBXTargetDependency;
			target = A63783D6243E4D4F005B7BFF /* Domain */;
			targetProxy = A6BF7DBA2447B1ED00D23903 /* PBXContainerItemProxy */;
		};
/* End PBXTargetDependency section */

/* Begin XCBuildConfiguration section */
		A63783CD243E4C9A005B7BFF /* Debug */ = {
			isa = XCBuildConfiguration;
			buildSettings = {
				ALWAYS_SEARCH_USER_PATHS = NO;
				CLANG_ANALYZER_NONNULL = YES;
				CLANG_ANALYZER_NUMBER_OBJECT_CONVERSION = YES_AGGRESSIVE;
				CLANG_CXX_LANGUAGE_STANDARD = "gnu++14";
				CLANG_CXX_LIBRARY = "libc++";
				CLANG_ENABLE_MODULES = YES;
				CLANG_ENABLE_OBJC_ARC = YES;
				CLANG_ENABLE_OBJC_WEAK = YES;
				CLANG_WARN_BLOCK_CAPTURE_AUTORELEASING = YES;
				CLANG_WARN_BOOL_CONVERSION = YES;
				CLANG_WARN_COMMA = YES;
				CLANG_WARN_CONSTANT_CONVERSION = YES;
				CLANG_WARN_DEPRECATED_OBJC_IMPLEMENTATIONS = YES;
				CLANG_WARN_DIRECT_OBJC_ISA_USAGE = YES_ERROR;
				CLANG_WARN_DOCUMENTATION_COMMENTS = YES;
				CLANG_WARN_EMPTY_BODY = YES;
				CLANG_WARN_ENUM_CONVERSION = YES;
				CLANG_WARN_INFINITE_RECURSION = YES;
				CLANG_WARN_INT_CONVERSION = YES;
				CLANG_WARN_NON_LITERAL_NULL_CONVERSION = YES;
				CLANG_WARN_OBJC_IMPLICIT_RETAIN_SELF = YES;
				CLANG_WARN_OBJC_LITERAL_CONVERSION = YES;
				CLANG_WARN_OBJC_ROOT_CLASS = YES_ERROR;
				CLANG_WARN_RANGE_LOOP_ANALYSIS = YES;
				CLANG_WARN_STRICT_PROTOTYPES = YES;
				CLANG_WARN_SUSPICIOUS_MOVE = YES;
				CLANG_WARN_UNGUARDED_AVAILABILITY = YES_AGGRESSIVE;
				CLANG_WARN_UNREACHABLE_CODE = YES;
				CLANG_WARN__DUPLICATE_METHOD_MATCH = YES;
				COPY_PHASE_STRIP = NO;
				CURRENT_PROJECT_VERSION = 1;
				DEBUG_INFORMATION_FORMAT = dwarf;
				ENABLE_STRICT_OBJC_MSGSEND = YES;
				ENABLE_TESTABILITY = YES;
				GCC_C_LANGUAGE_STANDARD = gnu11;
				GCC_DYNAMIC_NO_PIC = NO;
				GCC_NO_COMMON_BLOCKS = YES;
				GCC_OPTIMIZATION_LEVEL = 0;
				GCC_PREPROCESSOR_DEFINITIONS = (
					"DEBUG=1",
					"$(inherited)",
				);
				GCC_WARN_64_TO_32_BIT_CONVERSION = YES;
				GCC_WARN_ABOUT_RETURN_TYPE = YES_ERROR;
				GCC_WARN_UNDECLARED_SELECTOR = YES;
				GCC_WARN_UNINITIALIZED_AUTOS = YES_AGGRESSIVE;
				GCC_WARN_UNUSED_FUNCTION = YES;
				GCC_WARN_UNUSED_VARIABLE = YES;
				IPHONEOS_DEPLOYMENT_TARGET = 13.4;
				MTL_ENABLE_DEBUG_INFO = INCLUDE_SOURCE;
				MTL_FAST_MATH = YES;
				ONLY_ACTIVE_ARCH = YES;
				SDKROOT = iphoneos;
				SWIFT_ACTIVE_COMPILATION_CONDITIONS = DEBUG;
				SWIFT_OPTIMIZATION_LEVEL = "-Onone";
				VERSIONING_SYSTEM = "apple-generic";
				VERSION_INFO_PREFIX = "";
			};
			name = Debug;
		};
		A63783CE243E4C9A005B7BFF /* Release */ = {
			isa = XCBuildConfiguration;
			buildSettings = {
				ALWAYS_SEARCH_USER_PATHS = NO;
				CLANG_ANALYZER_NONNULL = YES;
				CLANG_ANALYZER_NUMBER_OBJECT_CONVERSION = YES_AGGRESSIVE;
				CLANG_CXX_LANGUAGE_STANDARD = "gnu++14";
				CLANG_CXX_LIBRARY = "libc++";
				CLANG_ENABLE_MODULES = YES;
				CLANG_ENABLE_OBJC_ARC = YES;
				CLANG_ENABLE_OBJC_WEAK = YES;
				CLANG_WARN_BLOCK_CAPTURE_AUTORELEASING = YES;
				CLANG_WARN_BOOL_CONVERSION = YES;
				CLANG_WARN_COMMA = YES;
				CLANG_WARN_CONSTANT_CONVERSION = YES;
				CLANG_WARN_DEPRECATED_OBJC_IMPLEMENTATIONS = YES;
				CLANG_WARN_DIRECT_OBJC_ISA_USAGE = YES_ERROR;
				CLANG_WARN_DOCUMENTATION_COMMENTS = YES;
				CLANG_WARN_EMPTY_BODY = YES;
				CLANG_WARN_ENUM_CONVERSION = YES;
				CLANG_WARN_INFINITE_RECURSION = YES;
				CLANG_WARN_INT_CONVERSION = YES;
				CLANG_WARN_NON_LITERAL_NULL_CONVERSION = YES;
				CLANG_WARN_OBJC_IMPLICIT_RETAIN_SELF = YES;
				CLANG_WARN_OBJC_LITERAL_CONVERSION = YES;
				CLANG_WARN_OBJC_ROOT_CLASS = YES_ERROR;
				CLANG_WARN_RANGE_LOOP_ANALYSIS = YES;
				CLANG_WARN_STRICT_PROTOTYPES = YES;
				CLANG_WARN_SUSPICIOUS_MOVE = YES;
				CLANG_WARN_UNGUARDED_AVAILABILITY = YES_AGGRESSIVE;
				CLANG_WARN_UNREACHABLE_CODE = YES;
				CLANG_WARN__DUPLICATE_METHOD_MATCH = YES;
				COPY_PHASE_STRIP = NO;
				CURRENT_PROJECT_VERSION = 1;
				DEBUG_INFORMATION_FORMAT = "dwarf-with-dsym";
				ENABLE_NS_ASSERTIONS = NO;
				ENABLE_STRICT_OBJC_MSGSEND = YES;
				GCC_C_LANGUAGE_STANDARD = gnu11;
				GCC_NO_COMMON_BLOCKS = YES;
				GCC_WARN_64_TO_32_BIT_CONVERSION = YES;
				GCC_WARN_ABOUT_RETURN_TYPE = YES_ERROR;
				GCC_WARN_UNDECLARED_SELECTOR = YES;
				GCC_WARN_UNINITIALIZED_AUTOS = YES_AGGRESSIVE;
				GCC_WARN_UNUSED_FUNCTION = YES;
				GCC_WARN_UNUSED_VARIABLE = YES;
				IPHONEOS_DEPLOYMENT_TARGET = 13.4;
				MTL_ENABLE_DEBUG_INFO = NO;
				MTL_FAST_MATH = YES;
				SDKROOT = iphoneos;
				SWIFT_COMPILATION_MODE = wholemodule;
				SWIFT_OPTIMIZATION_LEVEL = "-O";
				VALIDATE_PRODUCT = YES;
				VERSIONING_SYSTEM = "apple-generic";
				VERSION_INFO_PREFIX = "";
			};
			name = Release;
		};
		A63783DD243E4D4F005B7BFF /* Debug */ = {
			isa = XCBuildConfiguration;
			buildSettings = {
				CLANG_ENABLE_MODULES = YES;
				CODE_SIGN_STYLE = Automatic;
				COMBINE_HIDPI_IMAGES = YES;
				DEFINES_MODULE = YES;
				DEVELOPMENT_TEAM = 9P8XGQ8AX9;
				DYLIB_COMPATIBILITY_VERSION = 1;
				DYLIB_CURRENT_VERSION = 1;
				DYLIB_INSTALL_NAME_BASE = "@rpath";
				INFOPLIST_FILE = Domain/Info.plist;
				INSTALL_PATH = "$(LOCAL_LIBRARY_DIR)/Frameworks";
				LD_RUNPATH_SEARCH_PATHS = (
					"$(inherited)",
					"@executable_path/../Frameworks",
					"@loader_path/Frameworks",
				);
				MACOSX_DEPLOYMENT_TARGET = 10.15;
				PRODUCT_BUNDLE_IDENTIFIER = "io-ytm-.Domain";
				PRODUCT_NAME = "$(TARGET_NAME:c99extidentifier)";
				SDKROOT = macosx;
				SKIP_INSTALL = YES;
				SWIFT_OPTIMIZATION_LEVEL = "-Onone";
				SWIFT_VERSION = 5.0;
			};
			name = Debug;
		};
		A63783DE243E4D4F005B7BFF /* Release */ = {
			isa = XCBuildConfiguration;
			buildSettings = {
				CLANG_ENABLE_MODULES = YES;
				CODE_SIGN_STYLE = Automatic;
				COMBINE_HIDPI_IMAGES = YES;
				DEFINES_MODULE = YES;
				DEVELOPMENT_TEAM = 9P8XGQ8AX9;
				DYLIB_COMPATIBILITY_VERSION = 1;
				DYLIB_CURRENT_VERSION = 1;
				DYLIB_INSTALL_NAME_BASE = "@rpath";
				INFOPLIST_FILE = Domain/Info.plist;
				INSTALL_PATH = "$(LOCAL_LIBRARY_DIR)/Frameworks";
				LD_RUNPATH_SEARCH_PATHS = (
					"$(inherited)",
					"@executable_path/../Frameworks",
					"@loader_path/Frameworks",
				);
				MACOSX_DEPLOYMENT_TARGET = 10.15;
				PRODUCT_BUNDLE_IDENTIFIER = "io-ytm-.Domain";
				PRODUCT_NAME = "$(TARGET_NAME:c99extidentifier)";
				SDKROOT = macosx;
				SKIP_INSTALL = YES;
				SWIFT_VERSION = 5.0;
			};
			name = Release;
		};
		A63783FA243E51BE005B7BFF /* Debug */ = {
			isa = XCBuildConfiguration;
			buildSettings = {
				CLANG_ENABLE_MODULES = YES;
				CODE_SIGN_STYLE = Automatic;
				COMBINE_HIDPI_IMAGES = YES;
				DEFINES_MODULE = YES;
				DEVELOPMENT_TEAM = 9P8XGQ8AX9;
				DYLIB_COMPATIBILITY_VERSION = 1;
				DYLIB_CURRENT_VERSION = 1;
				DYLIB_INSTALL_NAME_BASE = "@rpath";
				INFOPLIST_FILE = Data/Info.plist;
				INSTALL_PATH = "$(LOCAL_LIBRARY_DIR)/Frameworks";
				LD_RUNPATH_SEARCH_PATHS = (
					"$(inherited)",
					"@executable_path/../Frameworks",
					"@loader_path/Frameworks",
				);
				MACOSX_DEPLOYMENT_TARGET = 10.15;
				PRODUCT_BUNDLE_IDENTIFIER = "io-ytm-.Data";
				PRODUCT_NAME = "$(TARGET_NAME:c99extidentifier)";
				SDKROOT = macosx;
				SKIP_INSTALL = YES;
				SWIFT_OPTIMIZATION_LEVEL = "-Onone";
				SWIFT_VERSION = 5.0;
			};
			name = Debug;
		};
		A63783FB243E51BE005B7BFF /* Release */ = {
			isa = XCBuildConfiguration;
			buildSettings = {
				CLANG_ENABLE_MODULES = YES;
				CODE_SIGN_STYLE = Automatic;
				COMBINE_HIDPI_IMAGES = YES;
				DEFINES_MODULE = YES;
				DEVELOPMENT_TEAM = 9P8XGQ8AX9;
				DYLIB_COMPATIBILITY_VERSION = 1;
				DYLIB_CURRENT_VERSION = 1;
				DYLIB_INSTALL_NAME_BASE = "@rpath";
				INFOPLIST_FILE = Data/Info.plist;
				INSTALL_PATH = "$(LOCAL_LIBRARY_DIR)/Frameworks";
				LD_RUNPATH_SEARCH_PATHS = (
					"$(inherited)",
					"@executable_path/../Frameworks",
					"@loader_path/Frameworks",
				);
				MACOSX_DEPLOYMENT_TARGET = 10.15;
				PRODUCT_BUNDLE_IDENTIFIER = "io-ytm-.Data";
				PRODUCT_NAME = "$(TARGET_NAME:c99extidentifier)";
				SDKROOT = macosx;
				SKIP_INSTALL = YES;
				SWIFT_VERSION = 5.0;
			};
			name = Release;
		};
		A63783FD243E51BE005B7BFF /* Debug */ = {
			isa = XCBuildConfiguration;
			buildSettings = {
				ALWAYS_EMBED_SWIFT_STANDARD_LIBRARIES = YES;
				CODE_SIGN_STYLE = Automatic;
				COMBINE_HIDPI_IMAGES = YES;
				DEVELOPMENT_TEAM = 9P8XGQ8AX9;
				INFOPLIST_FILE = DataTests/Info.plist;
				LD_RUNPATH_SEARCH_PATHS = (
					"$(inherited)",
					"@executable_path/../Frameworks",
					"@loader_path/../Frameworks",
				);
				MACOSX_DEPLOYMENT_TARGET = 10.15;
				PRODUCT_BUNDLE_IDENTIFIER = "io-ytm-.DataTests";
				PRODUCT_NAME = "$(TARGET_NAME)";
				SDKROOT = macosx;
				SWIFT_VERSION = 5.0;
			};
			name = Debug;
		};
		A63783FE243E51BE005B7BFF /* Release */ = {
			isa = XCBuildConfiguration;
			buildSettings = {
				ALWAYS_EMBED_SWIFT_STANDARD_LIBRARIES = YES;
				CODE_SIGN_STYLE = Automatic;
				COMBINE_HIDPI_IMAGES = YES;
				DEVELOPMENT_TEAM = 9P8XGQ8AX9;
				INFOPLIST_FILE = DataTests/Info.plist;
				LD_RUNPATH_SEARCH_PATHS = (
					"$(inherited)",
					"@executable_path/../Frameworks",
					"@loader_path/../Frameworks",
				);
				MACOSX_DEPLOYMENT_TARGET = 10.15;
				PRODUCT_BUNDLE_IDENTIFIER = "io-ytm-.DataTests";
				PRODUCT_NAME = "$(TARGET_NAME)";
				SDKROOT = macosx;
				SWIFT_VERSION = 5.0;
			};
			name = Release;
		};
		A655FF5D2440CAD200B927B3 /* Debug */ = {
			isa = XCBuildConfiguration;
			buildSettings = {
				CLANG_ENABLE_MODULES = YES;
				CODE_SIGN_STYLE = Automatic;
				COMBINE_HIDPI_IMAGES = YES;
				DEFINES_MODULE = YES;
				DEVELOPMENT_TEAM = 9P8XGQ8AX9;
				DYLIB_COMPATIBILITY_VERSION = 1;
				DYLIB_CURRENT_VERSION = 1;
				DYLIB_INSTALL_NAME_BASE = "@rpath";
				INFOPLIST_FILE = Infra/Info.plist;
				INSTALL_PATH = "$(LOCAL_LIBRARY_DIR)/Frameworks";
				LD_RUNPATH_SEARCH_PATHS = (
					"$(inherited)",
					"@executable_path/../Frameworks",
					"@loader_path/Frameworks",
				);
				MACOSX_DEPLOYMENT_TARGET = 10.15;
				PRODUCT_BUNDLE_IDENTIFIER = "io-ytm-.Infra";
				PRODUCT_NAME = "$(TARGET_NAME:c99extidentifier)";
				SDKROOT = macosx;
				SKIP_INSTALL = YES;
				SWIFT_OPTIMIZATION_LEVEL = "-Onone";
				SWIFT_VERSION = 5.0;
			};
			name = Debug;
		};
		A655FF5E2440CAD200B927B3 /* Release */ = {
			isa = XCBuildConfiguration;
			buildSettings = {
				CLANG_ENABLE_MODULES = YES;
				CODE_SIGN_STYLE = Automatic;
				COMBINE_HIDPI_IMAGES = YES;
				DEFINES_MODULE = YES;
				DEVELOPMENT_TEAM = 9P8XGQ8AX9;
				DYLIB_COMPATIBILITY_VERSION = 1;
				DYLIB_CURRENT_VERSION = 1;
				DYLIB_INSTALL_NAME_BASE = "@rpath";
				INFOPLIST_FILE = Infra/Info.plist;
				INSTALL_PATH = "$(LOCAL_LIBRARY_DIR)/Frameworks";
				LD_RUNPATH_SEARCH_PATHS = (
					"$(inherited)",
					"@executable_path/../Frameworks",
					"@loader_path/Frameworks",
				);
				MACOSX_DEPLOYMENT_TARGET = 10.15;
				PRODUCT_BUNDLE_IDENTIFIER = "io-ytm-.Infra";
				PRODUCT_NAME = "$(TARGET_NAME:c99extidentifier)";
				SDKROOT = macosx;
				SKIP_INSTALL = YES;
				SWIFT_VERSION = 5.0;
			};
			name = Release;
		};
		A655FF5F2440CAD200B927B3 /* Debug */ = {
			isa = XCBuildConfiguration;
			buildSettings = {
				ALWAYS_EMBED_SWIFT_STANDARD_LIBRARIES = YES;
				CODE_SIGN_STYLE = Automatic;
				COMBINE_HIDPI_IMAGES = YES;
				DEVELOPMENT_TEAM = 9P8XGQ8AX9;
				INFOPLIST_FILE = InfraTests/Info.plist;
				LD_RUNPATH_SEARCH_PATHS = (
					"$(inherited)",
					"@executable_path/../Frameworks",
					"@loader_path/../Frameworks",
				);
				MACOSX_DEPLOYMENT_TARGET = 10.15;
				PRODUCT_BUNDLE_IDENTIFIER = "io-ytm-.InfraTests";
				PRODUCT_NAME = "$(TARGET_NAME)";
				SDKROOT = macosx;
				SWIFT_VERSION = 5.0;
			};
			name = Debug;
		};
		A655FF602440CAD200B927B3 /* Release */ = {
			isa = XCBuildConfiguration;
			buildSettings = {
				ALWAYS_EMBED_SWIFT_STANDARD_LIBRARIES = YES;
				CODE_SIGN_STYLE = Automatic;
				COMBINE_HIDPI_IMAGES = YES;
				DEVELOPMENT_TEAM = 9P8XGQ8AX9;
				INFOPLIST_FILE = InfraTests/Info.plist;
				LD_RUNPATH_SEARCH_PATHS = (
					"$(inherited)",
					"@executable_path/../Frameworks",
					"@loader_path/../Frameworks",
				);
				MACOSX_DEPLOYMENT_TARGET = 10.15;
				PRODUCT_BUNDLE_IDENTIFIER = "io-ytm-.InfraTests";
				PRODUCT_NAME = "$(TARGET_NAME)";
				SDKROOT = macosx;
				SWIFT_VERSION = 5.0;
			};
			name = Release;
		};
		A6BF7D952447992300D23903 /* Debug */ = {
			isa = XCBuildConfiguration;
			buildSettings = {
				CODE_SIGN_STYLE = Automatic;
				COMBINE_HIDPI_IMAGES = YES;
				DEVELOPMENT_TEAM = 9P8XGQ8AX9;
				INFOPLIST_FILE = UseCasesIntegrationTests/Info.plist;
				LD_RUNPATH_SEARCH_PATHS = (
					"$(inherited)",
					"@executable_path/../Frameworks",
					"@loader_path/../Frameworks",
				);
				MACOSX_DEPLOYMENT_TARGET = 10.15;
				PRODUCT_BUNDLE_IDENTIFIER = "io-ytm-.UseCasesIntegrationTests";
				PRODUCT_NAME = "$(TARGET_NAME)";
				SDKROOT = macosx;
				SWIFT_VERSION = 5.0;
			};
			name = Debug;
		};
		A6BF7D962447992300D23903 /* Release */ = {
			isa = XCBuildConfiguration;
			buildSettings = {
				CODE_SIGN_STYLE = Automatic;
				COMBINE_HIDPI_IMAGES = YES;
				DEVELOPMENT_TEAM = 9P8XGQ8AX9;
				INFOPLIST_FILE = UseCasesIntegrationTests/Info.plist;
				LD_RUNPATH_SEARCH_PATHS = (
					"$(inherited)",
					"@executable_path/../Frameworks",
					"@loader_path/../Frameworks",
				);
				MACOSX_DEPLOYMENT_TARGET = 10.15;
				PRODUCT_BUNDLE_IDENTIFIER = "io-ytm-.UseCasesIntegrationTests";
				PRODUCT_NAME = "$(TARGET_NAME)";
				SDKROOT = macosx;
				SWIFT_VERSION = 5.0;
			};
			name = Release;
		};
		A6BF7DB32447A79600D23903 /* Debug */ = {
			isa = XCBuildConfiguration;
			buildSettings = {
				CLANG_ENABLE_MODULES = YES;
				CODE_SIGN_STYLE = Automatic;
				COMBINE_HIDPI_IMAGES = YES;
				DEFINES_MODULE = YES;
				DEVELOPMENT_TEAM = 9P8XGQ8AX9;
				DYLIB_COMPATIBILITY_VERSION = 1;
				DYLIB_CURRENT_VERSION = 1;
				DYLIB_INSTALL_NAME_BASE = "@rpath";
				INFOPLIST_FILE = PresentationLayer/Info.plist;
				INSTALL_PATH = "$(LOCAL_LIBRARY_DIR)/Frameworks";
				LD_RUNPATH_SEARCH_PATHS = (
					"$(inherited)",
					"@executable_path/../Frameworks",
					"@loader_path/Frameworks",
				);
				MACOSX_DEPLOYMENT_TARGET = 10.15;
				PRODUCT_BUNDLE_IDENTIFIER = "io-ytm-.PresentationLayer";
				PRODUCT_NAME = "$(TARGET_NAME:c99extidentifier)";
				SDKROOT = macosx;
				SKIP_INSTALL = YES;
				SWIFT_OPTIMIZATION_LEVEL = "-Onone";
				SWIFT_VERSION = 5.0;
			};
			name = Debug;
		};
		A6BF7DB42447A79600D23903 /* Release */ = {
			isa = XCBuildConfiguration;
			buildSettings = {
				CLANG_ENABLE_MODULES = YES;
				CODE_SIGN_STYLE = Automatic;
				COMBINE_HIDPI_IMAGES = YES;
				DEFINES_MODULE = YES;
				DEVELOPMENT_TEAM = 9P8XGQ8AX9;
				DYLIB_COMPATIBILITY_VERSION = 1;
				DYLIB_CURRENT_VERSION = 1;
				DYLIB_INSTALL_NAME_BASE = "@rpath";
				INFOPLIST_FILE = PresentationLayer/Info.plist;
				INSTALL_PATH = "$(LOCAL_LIBRARY_DIR)/Frameworks";
				LD_RUNPATH_SEARCH_PATHS = (
					"$(inherited)",
					"@executable_path/../Frameworks",
					"@loader_path/Frameworks",
				);
				MACOSX_DEPLOYMENT_TARGET = 10.15;
				PRODUCT_BUNDLE_IDENTIFIER = "io-ytm-.PresentationLayer";
				PRODUCT_NAME = "$(TARGET_NAME:c99extidentifier)";
				SDKROOT = macosx;
				SKIP_INSTALL = YES;
				SWIFT_VERSION = 5.0;
			};
			name = Release;
		};
		A6BF7DB62447A79600D23903 /* Debug */ = {
			isa = XCBuildConfiguration;
			buildSettings = {
				ALWAYS_EMBED_SWIFT_STANDARD_LIBRARIES = YES;
				CODE_SIGN_STYLE = Automatic;
				COMBINE_HIDPI_IMAGES = YES;
				DEVELOPMENT_TEAM = 9P8XGQ8AX9;
				INFOPLIST_FILE = PresentationLayerTests/Info.plist;
				LD_RUNPATH_SEARCH_PATHS = (
					"$(inherited)",
					"@executable_path/../Frameworks",
					"@loader_path/../Frameworks",
				);
				MACOSX_DEPLOYMENT_TARGET = 10.15;
				PRODUCT_BUNDLE_IDENTIFIER = "io-ytm-.PresentationLayerTests";
				PRODUCT_NAME = "$(TARGET_NAME)";
				SDKROOT = macosx;
				SWIFT_VERSION = 5.0;
			};
			name = Debug;
		};
		A6BF7DB72447A79600D23903 /* Release */ = {
			isa = XCBuildConfiguration;
			buildSettings = {
				ALWAYS_EMBED_SWIFT_STANDARD_LIBRARIES = YES;
				CODE_SIGN_STYLE = Automatic;
				COMBINE_HIDPI_IMAGES = YES;
				DEVELOPMENT_TEAM = 9P8XGQ8AX9;
				INFOPLIST_FILE = PresentationLayerTests/Info.plist;
				LD_RUNPATH_SEARCH_PATHS = (
					"$(inherited)",
					"@executable_path/../Frameworks",
					"@loader_path/../Frameworks",
				);
				MACOSX_DEPLOYMENT_TARGET = 10.15;
				PRODUCT_BUNDLE_IDENTIFIER = "io-ytm-.PresentationLayerTests";
				PRODUCT_NAME = "$(TARGET_NAME)";
				SDKROOT = macosx;
				SWIFT_VERSION = 5.0;
			};
			name = Release;
		};
/* End XCBuildConfiguration section */

/* Begin XCConfigurationList section */
		A63783C1243E4C9A005B7BFF /* Build configuration list for PBXProject "CleanApp" */ = {
			isa = XCConfigurationList;
			buildConfigurations = (
				A63783CD243E4C9A005B7BFF /* Debug */,
				A63783CE243E4C9A005B7BFF /* Release */,
			);
			defaultConfigurationIsVisible = 0;
			defaultConfigurationName = Release;
		};
		A63783DC243E4D4F005B7BFF /* Build configuration list for PBXNativeTarget "Domain" */ = {
			isa = XCConfigurationList;
			buildConfigurations = (
				A63783DD243E4D4F005B7BFF /* Debug */,
				A63783DE243E4D4F005B7BFF /* Release */,
			);
			defaultConfigurationIsVisible = 0;
			defaultConfigurationName = Release;
		};
		A63783F9243E51BE005B7BFF /* Build configuration list for PBXNativeTarget "Data" */ = {
			isa = XCConfigurationList;
			buildConfigurations = (
				A63783FA243E51BE005B7BFF /* Debug */,
				A63783FB243E51BE005B7BFF /* Release */,
			);
			defaultConfigurationIsVisible = 0;
			defaultConfigurationName = Release;
		};
		A63783FC243E51BE005B7BFF /* Build configuration list for PBXNativeTarget "DataTests" */ = {
			isa = XCConfigurationList;
			buildConfigurations = (
				A63783FD243E51BE005B7BFF /* Debug */,
				A63783FE243E51BE005B7BFF /* Release */,
			);
			defaultConfigurationIsVisible = 0;
			defaultConfigurationName = Release;
		};
		A655FF612440CAD200B927B3 /* Build configuration list for PBXNativeTarget "Infra" */ = {
			isa = XCConfigurationList;
			buildConfigurations = (
				A655FF5D2440CAD200B927B3 /* Debug */,
				A655FF5E2440CAD200B927B3 /* Release */,
			);
			defaultConfigurationIsVisible = 0;
			defaultConfigurationName = Release;
		};
		A655FF622440CAD200B927B3 /* Build configuration list for PBXNativeTarget "InfraTests" */ = {
			isa = XCConfigurationList;
			buildConfigurations = (
				A655FF5F2440CAD200B927B3 /* Debug */,
				A655FF602440CAD200B927B3 /* Release */,
			);
			defaultConfigurationIsVisible = 0;
			defaultConfigurationName = Release;
		};
		A6BF7D972447992300D23903 /* Build configuration list for PBXNativeTarget "UseCasesIntegrationTests" */ = {
			isa = XCConfigurationList;
			buildConfigurations = (
				A6BF7D952447992300D23903 /* Debug */,
				A6BF7D962447992300D23903 /* Release */,
			);
			defaultConfigurationIsVisible = 0;
			defaultConfigurationName = Release;
		};
		A6BF7DB22447A79600D23903 /* Build configuration list for PBXNativeTarget "PresentationLayer" */ = {
			isa = XCConfigurationList;
			buildConfigurations = (
				A6BF7DB32447A79600D23903 /* Debug */,
				A6BF7DB42447A79600D23903 /* Release */,
			);
			defaultConfigurationIsVisible = 0;
			defaultConfigurationName = Release;
		};
		A6BF7DB52447A79600D23903 /* Build configuration list for PBXNativeTarget "PresentationLayerTests" */ = {
			isa = XCConfigurationList;
			buildConfigurations = (
				A6BF7DB62447A79600D23903 /* Debug */,
				A6BF7DB72447A79600D23903 /* Release */,
			);
			defaultConfigurationIsVisible = 0;
			defaultConfigurationName = Release;
		};
/* End XCConfigurationList section */

/* Begin XCRemoteSwiftPackageReference section */
		A655FF6E2440D8BB00B927B3 /* XCRemoteSwiftPackageReference "Alamofire" */ = {
			isa = XCRemoteSwiftPackageReference;
			repositoryURL = "https://github.com/Alamofire/Alamofire.git";
			requirement = {
				kind = upToNextMajorVersion;
				minimumVersion = 5.1.0;
			};
		};
/* End XCRemoteSwiftPackageReference section */

/* Begin XCSwiftPackageProductDependency section */
		A655FF6F2440D8BB00B927B3 /* Alamofire */ = {
			isa = XCSwiftPackageProductDependency;
			package = A655FF6E2440D8BB00B927B3 /* XCRemoteSwiftPackageReference "Alamofire" */;
			productName = Alamofire;
		};
/* End XCSwiftPackageProductDependency section */
	};
	rootObject = A63783BE243E4C9A005B7BFF /* Project object */;
}
